SITE
  remote: https://supermarket.getchef.com/api/v1
  specs:
    apache (0.0.5)
      apache2 (>= 0.0.0)
    apache2 (2.0.0)
      iptables (>= 0.0.0)
      logrotate (>= 0.0.0)
      pacman (>= 0.0.0)
    apt (2.6.0)
    aws (2.4.0)
    bluepill (2.3.1)
      rsyslog (>= 0.0.0)
    build-essential (2.0.6)
    chef-sugar (2.2.0)
    chef_handler (1.1.6)
    database (2.3.0)
      aws (>= 0.0.0)
      mysql (>= 5.0.0)
      mysql-chef_gem (>= 0.0.0)
      postgresql (>= 1.0.0)
      xfs (>= 0.0.0)
    firewall (0.11.8)
    iis (2.1.4)
      windows (>= 1.2.6)
    iptables (0.14.0)
    iptables-ng (2.2.0)
    logrotate (1.7.0)
    lsyncd (0.2.1)
      yum (~> 3.0.0)
    memcached (1.7.2)
      runit (~> 1.0)
      yum (~> 3.0)
      yum-epel (>= 0.0.0)
    mysql (5.5.2)
      yum-mysql-community (>= 0.0.0)
    mysql-chef_gem (0.0.2)
      build-essential (>= 0.0.0)
      mysql (>= 0.0.0)
    nginx (2.7.4)
      apt (~> 2.2)
      bluepill (~> 2.3)
      build-essential (~> 2.0)
      ohai (~> 2.0)
      runit (~> 1.2)
      yum-epel (~> 0.3)
    ohai (2.0.1)
    openssl (2.0.0)
      chef-sugar (>= 0.0.0)
    pacman (1.1.1)
    php (1.4.6)
      build-essential (>= 0.0.0)
      iis (>= 0.0.0)
      mysql (>= 0.0.0)
      windows (>= 0.0.0)
      xml (>= 0.0.0)
      yum-epel (>= 0.0.0)
    php-fpm (0.6.10)
      apt (>= 0.0.0)
      yum (>= 3.0.0)
    postgresql (3.4.2)
      apt (>= 1.9.0)
      build-essential (>= 0.0.0)
      openssl (>= 0.0.0)
    rsyslog (1.12.2)
    runit (1.5.10)
      build-essential (>= 0.0.0)
      yum (~> 3.0)
      yum-epel (>= 0.0.0)
    tar (0.5.0)
    varnish (0.9.18)
      apt (~> 2.4)
      build-essential (>= 0.0.0)
      yum (~> 3.0)
      yum-epel (>= 0.0.0)
    windows (1.34.2)
      chef_handler (>= 0.0.0)
    wordpress (2.3.0)
      apache2 (>= 2.0.0)
      build-essential (>= 0.0.0)
      database (>= 1.6.0)
      iis (>= 1.6.2)
      mysql (>= 5.0.0)
      mysql-chef_gem (>= 0.0.2)
      nginx (~> 2.7.4)
      openssl (>= 0.0.0)
      php (>= 0.0.0)
      php-fpm (~> 0.6.10)
      tar (>= 0.3.1)
    xfs (1.1.0)
    xml (1.2.6)
      build-essential (>= 0.0.0)
      chef-sugar (>= 0.0.0)
    yum (3.0.6)
    yum-epel (0.5.1)
      yum (~> 3.0)
    yum-mysql-community (0.1.10)
      yum (>= 3.0)

GIT
  remote: https://github.com/zainengineer/rax-mysql-tunables
  ref: master
  sha: cfd5be787649455a13920114e84ee3470170f45b
  specs:
    rax-mysql-tunables (0.1.0)
      mysql (>= 0.0.0)

GIT
  remote: https://github.com/zainengineer/rax-wordpress-cookbook
  ref: master
  sha: a66f25d146194d876632743806f72966ad3a3e40
  specs:
    rax-wordpress (0.1.0)
      apache (>= 0.0.0)
      database (>= 0.0.0)
      firewall (>= 0.0.0)
      iptables-ng (>= 0.0.0)
      lsyncd (>= 0.0.0)
      memcached (>= 0.0.0)
      mysql (>= 0.0.0)
      rax-mysql-tunables (>= 0.0.0)
      varnish (>= 0.0.0)
      wordpress (>= 0.0.0)

DEPENDENCIES
  rax-mysql-tunables (>= 0)
  rax-wordpress (>= 0)

